
Microsoft Visual Studio Solution File, Format Version 12.00
# Visual Studio Version 16
VisualStudioVersion = 16.0.34301.259
MinimumVisualStudioVersion = 10.0.40219.1
Project("{FAE04EC0-301F-11D3-BF4B-00C04F79EFBC}") = "FtpSiteManager", "FtpSiteManager\FtpSiteManager.csproj", "{D23E42D6-20D8-44EF-9A1A-73BF4C1597F2}"
EndProject
Global
	GlobalSection(SolutionConfigurationPlatforms) = preSolution
		Debug|Any CPU = Debug|Any CPU
		Release|Any CPU = Release|Any CPU
	EndGlobalSection
	GlobalSection(ProjectConfigurationPlatforms) = postSolution
		{D23E42D6-20D8-44EF-9A1A-73BF4C1597F2}.Debug|Any CPU.ActiveCfg = Debug|Any CPU
		{D23E42D6-20D8-44EF-9A1A-73BF4C1597F2}.Debug|Any CPU.Build.0 = Debug|Any CPU
		{D23E42D6-20D8-44EF-9A1A-73BF4C1597F2}.Release|Any CPU.ActiveCfg = Release|Any CPU
		{D23E42D6-20D8-44EF-9A1A-73BF4C1597F2}.Release|Any CPU.Build.0 = Release|Any CPU
	EndGlobalSection
	GlobalSection(SolutionProperties) = preSolution
		HideSolutionNode = FALSE
	EndGlobalSection
	GlobalSection(ExtensibilityGlobals) = postSolution
		SolutionGuid = {CCE7973A-F4B3-4273-A317-1D6F43641663}
	EndGlobalSection
EndGlobal
